
Microsoft Visual Studio Solution File, Format Version 12.00
# Visual Studio 15
VisualStudioVersion = 15.0.26124.0
MinimumVisualStudioVersion = 15.0.26124.0
Project("{FAE04EC0-301F-11D3-BF4B-00C04F79EFBC}") = "Challenge2", "Challenge2\Challenge2.csproj", "{1D940FAB-E9DE-413A-B36C-D259FFC5ACA0}"
EndProject
Project("{2150E333-8FDC-42A3-9474-1A3956D46DE8}") = "SolutionItems", "SolutionItems", "{43DEEB3E-821D-493D-9406-65E76AF5FA09}"
EndProject
Project("{FAE04EC0-301F-11D3-BF4B-00C04F79EFBC}") = "Challenge1", "Challenge1\Challenge1.csproj", "{AF4A6400-F201-409F-A857-9C8D7D9A6C9D}"
EndProject
Project("{FAE04EC0-301F-11D3-BF4B-00C04F79EFBC}") = "Challenge3", "Challenge3\Challenge3.csproj", "{73A2F20C-8FF0-4DAF-93A7-13FC811D8259}"
EndProject
Project("{FAE04EC0-301F-11D3-BF4B-00C04F79EFBC}") = "Challenge4", "Challenge4\Challenge4.csproj", "{4E9B7664-052E-497F-860D-13A6631E1EDD}"
EndProject
Project("{FAE04EC0-301F-11D3-BF4B-00C04F79EFBC}") = "Challenge5", "Challenge5\Challenge5.csproj", "{1263C7CC-7843-4445-9604-C73AA672712F}"
EndProject
Project("{FAE04EC0-301F-11D3-BF4B-00C04F79EFBC}") = "ChallengeTests", "ChallengeTests\ChallengeTests.csproj", "{C6D58E06-26A5-44F3-B3AA-63A1C3E261DA}"
EndProject
Project("{FAE04EC0-301F-11D3-BF4B-00C04F79EFBC}") = "Challenge6", "Challenge6\Challenge6.csproj", "{6523B42B-F176-4678-835C-0F469D5B1BC2}"
EndProject
Project("{FAE04EC0-301F-11D3-BF4B-00C04F79EFBC}") = "Challenge7", "Challenge7\Challenge7.csproj", "{98DB7529-B7AB-4778-847B-9A553A86B36D}"
EndProject
Project("{FAE04EC0-301F-11D3-BF4B-00C04F79EFBC}") = "Challenge8", "Challenge8\Challenge8.csproj", "{7D10011C-4A77-4447-99C4-F1D54A3D4BD8}"
EndProject
Project("{FAE04EC0-301F-11D3-BF4B-00C04F79EFBC}") = "Challenge9", "Challenge9\Challenge9.csproj", "{83FFFCC5-A26E-4298-B733-F69F1E750AA2}"
EndProject
Project("{FAE04EC0-301F-11D3-BF4B-00C04F79EFBC}") = "Challenge10", "Challenge10\Challenge10.csproj", "{FFC12E1D-D5E7-474A-AF76-F6196C9E6501}"
EndProject
Project("{FAE04EC0-301F-11D3-BF4B-00C04F79EFBC}") = "Challenge11", "Challenge11\Challenge11.csproj", "{AD26AF4B-8770-4330-917E-ED46818F165E}"
EndProject
Project("{FAE04EC0-301F-11D3-BF4B-00C04F79EFBC}") = "Challenge12", "Challenge12\Challenge12.csproj", "{76DC603D-078D-42AB-9BFB-E7F4335A5A67}"
EndProject
Project("{FAE04EC0-301F-11D3-BF4B-00C04F79EFBC}") = "Challenge13", "Challenge13\Challenge13.csproj", "{0B9483D2-2036-4C2A-AF01-543C4F745184}"
EndProject
Project("{FAE04EC0-301F-11D3-BF4B-00C04F79EFBC}") = "Challenge14", "Challenge14\Challenge14.csproj", "{61C4FA32-5392-499B-A5F2-201FA3B97614}"
EndProject
Project("{FAE04EC0-301F-11D3-BF4B-00C04F79EFBC}") = "Challenge15", "Challenge15\Challenge15.csproj", "{5ED04B78-F91A-48E5-80FA-020FE47AEE80}"
EndProject
Project("{FAE04EC0-301F-11D3-BF4B-00C04F79EFBC}") = "Challenge16", "Challenge16\Challenge16.csproj", "{2FE2DB19-DE2F-49AE-A5B6-481602586D23}"
EndProject
Global
	GlobalSection(SolutionConfigurationPlatforms) = preSolution
		Debug|Any CPU = Debug|Any CPU
		Debug|x64 = Debug|x64
		Debug|x86 = Debug|x86
		Release|Any CPU = Release|Any CPU
		Release|x64 = Release|x64
		Release|x86 = Release|x86
	EndGlobalSection
	GlobalSection(SolutionProperties) = preSolution
		HideSolutionNode = FALSE
	EndGlobalSection
	GlobalSection(ProjectConfigurationPlatforms) = postSolution
		{1D940FAB-E9DE-413A-B36C-D259FFC5ACA0}.Debug|Any CPU.ActiveCfg = Debug|Any CPU
		{1D940FAB-E9DE-413A-B36C-D259FFC5ACA0}.Debug|Any CPU.Build.0 = Debug|Any CPU
		{1D940FAB-E9DE-413A-B36C-D259FFC5ACA0}.Debug|x64.ActiveCfg = Debug|Any CPU
		{1D940FAB-E9DE-413A-B36C-D259FFC5ACA0}.Debug|x64.Build.0 = Debug|Any CPU
		{1D940FAB-E9DE-413A-B36C-D259FFC5ACA0}.Debug|x86.ActiveCfg = Debug|Any CPU
		{1D940FAB-E9DE-413A-B36C-D259FFC5ACA0}.Debug|x86.Build.0 = Debug|Any CPU
		{1D940FAB-E9DE-413A-B36C-D259FFC5ACA0}.Release|Any CPU.ActiveCfg = Release|Any CPU
		{1D940FAB-E9DE-413A-B36C-D259FFC5ACA0}.Release|Any CPU.Build.0 = Release|Any CPU
		{1D940FAB-E9DE-413A-B36C-D259FFC5ACA0}.Release|x64.ActiveCfg = Release|Any CPU
		{1D940FAB-E9DE-413A-B36C-D259FFC5ACA0}.Release|x64.Build.0 = Release|Any CPU
		{1D940FAB-E9DE-413A-B36C-D259FFC5ACA0}.Release|x86.ActiveCfg = Release|Any CPU
		{1D940FAB-E9DE-413A-B36C-D259FFC5ACA0}.Release|x86.Build.0 = Release|Any CPU
		{AF4A6400-F201-409F-A857-9C8D7D9A6C9D}.Debug|Any CPU.ActiveCfg = Debug|Any CPU
		{AF4A6400-F201-409F-A857-9C8D7D9A6C9D}.Debug|Any CPU.Build.0 = Debug|Any CPU
		{AF4A6400-F201-409F-A857-9C8D7D9A6C9D}.Debug|x64.ActiveCfg = Debug|Any CPU
		{AF4A6400-F201-409F-A857-9C8D7D9A6C9D}.Debug|x64.Build.0 = Debug|Any CPU
		{AF4A6400-F201-409F-A857-9C8D7D9A6C9D}.Debug|x86.ActiveCfg = Debug|Any CPU
		{AF4A6400-F201-409F-A857-9C8D7D9A6C9D}.Debug|x86.Build.0 = Debug|Any CPU
		{AF4A6400-F201-409F-A857-9C8D7D9A6C9D}.Release|Any CPU.ActiveCfg = Release|Any CPU
		{AF4A6400-F201-409F-A857-9C8D7D9A6C9D}.Release|Any CPU.Build.0 = Release|Any CPU
		{AF4A6400-F201-409F-A857-9C8D7D9A6C9D}.Release|x64.ActiveCfg = Release|Any CPU
		{AF4A6400-F201-409F-A857-9C8D7D9A6C9D}.Release|x64.Build.0 = Release|Any CPU
		{AF4A6400-F201-409F-A857-9C8D7D9A6C9D}.Release|x86.ActiveCfg = Release|Any CPU
		{AF4A6400-F201-409F-A857-9C8D7D9A6C9D}.Release|x86.Build.0 = Release|Any CPU
		{73A2F20C-8FF0-4DAF-93A7-13FC811D8259}.Debug|Any CPU.ActiveCfg = Debug|Any CPU
		{73A2F20C-8FF0-4DAF-93A7-13FC811D8259}.Debug|Any CPU.Build.0 = Debug|Any CPU
		{73A2F20C-8FF0-4DAF-93A7-13FC811D8259}.Debug|x64.ActiveCfg = Debug|Any CPU
		{73A2F20C-8FF0-4DAF-93A7-13FC811D8259}.Debug|x64.Build.0 = Debug|Any CPU
		{73A2F20C-8FF0-4DAF-93A7-13FC811D8259}.Debug|x86.ActiveCfg = Debug|Any CPU
		{73A2F20C-8FF0-4DAF-93A7-13FC811D8259}.Debug|x86.Build.0 = Debug|Any CPU
		{73A2F20C-8FF0-4DAF-93A7-13FC811D8259}.Release|Any CPU.ActiveCfg = Release|Any CPU
		{73A2F20C-8FF0-4DAF-93A7-13FC811D8259}.Release|Any CPU.Build.0 = Release|Any CPU
		{73A2F20C-8FF0-4DAF-93A7-13FC811D8259}.Release|x64.ActiveCfg = Release|Any CPU
		{73A2F20C-8FF0-4DAF-93A7-13FC811D8259}.Release|x64.Build.0 = Release|Any CPU
		{73A2F20C-8FF0-4DAF-93A7-13FC811D8259}.Release|x86.ActiveCfg = Release|Any CPU
		{73A2F20C-8FF0-4DAF-93A7-13FC811D8259}.Release|x86.Build.0 = Release|Any CPU
		{4E9B7664-052E-497F-860D-13A6631E1EDD}.Debug|Any CPU.ActiveCfg = Debug|Any CPU
		{4E9B7664-052E-497F-860D-13A6631E1EDD}.Debug|Any CPU.Build.0 = Debug|Any CPU
		{4E9B7664-052E-497F-860D-13A6631E1EDD}.Debug|x64.ActiveCfg = Debug|Any CPU
		{4E9B7664-052E-497F-860D-13A6631E1EDD}.Debug|x64.Build.0 = Debug|Any CPU
		{4E9B7664-052E-497F-860D-13A6631E1EDD}.Debug|x86.ActiveCfg = Debug|Any CPU
		{4E9B7664-052E-497F-860D-13A6631E1EDD}.Debug|x86.Build.0 = Debug|Any CPU
		{4E9B7664-052E-497F-860D-13A6631E1EDD}.Release|Any CPU.ActiveCfg = Release|Any CPU
		{4E9B7664-052E-497F-860D-13A6631E1EDD}.Release|Any CPU.Build.0 = Release|Any CPU
		{4E9B7664-052E-497F-860D-13A6631E1EDD}.Release|x64.ActiveCfg = Release|Any CPU
		{4E9B7664-052E-497F-860D-13A6631E1EDD}.Release|x64.Build.0 = Release|Any CPU
		{4E9B7664-052E-497F-860D-13A6631E1EDD}.Release|x86.ActiveCfg = Release|Any CPU
		{4E9B7664-052E-497F-860D-13A6631E1EDD}.Release|x86.Build.0 = Release|Any CPU
		{1263C7CC-7843-4445-9604-C73AA672712F}.Debug|Any CPU.ActiveCfg = Debug|Any CPU
		{1263C7CC-7843-4445-9604-C73AA672712F}.Debug|Any CPU.Build.0 = Debug|Any CPU
		{1263C7CC-7843-4445-9604-C73AA672712F}.Debug|x64.ActiveCfg = Debug|Any CPU
		{1263C7CC-7843-4445-9604-C73AA672712F}.Debug|x64.Build.0 = Debug|Any CPU
		{1263C7CC-7843-4445-9604-C73AA672712F}.Debug|x86.ActiveCfg = Debug|Any CPU
		{1263C7CC-7843-4445-9604-C73AA672712F}.Debug|x86.Build.0 = Debug|Any CPU
		{1263C7CC-7843-4445-9604-C73AA672712F}.Release|Any CPU.ActiveCfg = Release|Any CPU
		{1263C7CC-7843-4445-9604-C73AA672712F}.Release|Any CPU.Build.0 = Release|Any CPU
		{1263C7CC-7843-4445-9604-C73AA672712F}.Release|x64.ActiveCfg = Release|Any CPU
		{1263C7CC-7843-4445-9604-C73AA672712F}.Release|x64.Build.0 = Release|Any CPU
		{1263C7CC-7843-4445-9604-C73AA672712F}.Release|x86.ActiveCfg = Release|Any CPU
		{1263C7CC-7843-4445-9604-C73AA672712F}.Release|x86.Build.0 = Release|Any CPU
		{C6D58E06-26A5-44F3-B3AA-63A1C3E261DA}.Debug|Any CPU.ActiveCfg = Debug|Any CPU
		{C6D58E06-26A5-44F3-B3AA-63A1C3E261DA}.Debug|Any CPU.Build.0 = Debug|Any CPU
		{C6D58E06-26A5-44F3-B3AA-63A1C3E261DA}.Debug|x64.ActiveCfg = Debug|Any CPU
		{C6D58E06-26A5-44F3-B3AA-63A1C3E261DA}.Debug|x64.Build.0 = Debug|Any CPU
		{C6D58E06-26A5-44F3-B3AA-63A1C3E261DA}.Debug|x86.ActiveCfg = Debug|Any CPU
		{C6D58E06-26A5-44F3-B3AA-63A1C3E261DA}.Debug|x86.Build.0 = Debug|Any CPU
		{C6D58E06-26A5-44F3-B3AA-63A1C3E261DA}.Release|Any CPU.ActiveCfg = Release|Any CPU
		{C6D58E06-26A5-44F3-B3AA-63A1C3E261DA}.Release|Any CPU.Build.0 = Release|Any CPU
		{C6D58E06-26A5-44F3-B3AA-63A1C3E261DA}.Release|x64.ActiveCfg = Release|Any CPU
		{C6D58E06-26A5-44F3-B3AA-63A1C3E261DA}.Release|x64.Build.0 = Release|Any CPU
		{C6D58E06-26A5-44F3-B3AA-63A1C3E261DA}.Release|x86.ActiveCfg = Release|Any CPU
		{C6D58E06-26A5-44F3-B3AA-63A1C3E261DA}.Release|x86.Build.0 = Release|Any CPU
		{6523B42B-F176-4678-835C-0F469D5B1BC2}.Debug|Any CPU.ActiveCfg = Debug|Any CPU
		{6523B42B-F176-4678-835C-0F469D5B1BC2}.Debug|Any CPU.Build.0 = Debug|Any CPU
		{6523B42B-F176-4678-835C-0F469D5B1BC2}.Debug|x64.ActiveCfg = Debug|Any CPU
		{6523B42B-F176-4678-835C-0F469D5B1BC2}.Debug|x64.Build.0 = Debug|Any CPU
		{6523B42B-F176-4678-835C-0F469D5B1BC2}.Debug|x86.ActiveCfg = Debug|Any CPU
		{6523B42B-F176-4678-835C-0F469D5B1BC2}.Debug|x86.Build.0 = Debug|Any CPU
		{6523B42B-F176-4678-835C-0F469D5B1BC2}.Release|Any CPU.ActiveCfg = Release|Any CPU
		{6523B42B-F176-4678-835C-0F469D5B1BC2}.Release|Any CPU.Build.0 = Release|Any CPU
		{6523B42B-F176-4678-835C-0F469D5B1BC2}.Release|x64.ActiveCfg = Release|Any CPU
		{6523B42B-F176-4678-835C-0F469D5B1BC2}.Release|x64.Build.0 = Release|Any CPU
		{6523B42B-F176-4678-835C-0F469D5B1BC2}.Release|x86.ActiveCfg = Release|Any CPU
		{6523B42B-F176-4678-835C-0F469D5B1BC2}.Release|x86.Build.0 = Release|Any CPU
		{98DB7529-B7AB-4778-847B-9A553A86B36D}.Debug|Any CPU.ActiveCfg = Debug|Any CPU
		{98DB7529-B7AB-4778-847B-9A553A86B36D}.Debug|Any CPU.Build.0 = Debug|Any CPU
		{98DB7529-B7AB-4778-847B-9A553A86B36D}.Debug|x64.ActiveCfg = Debug|Any CPU
		{98DB7529-B7AB-4778-847B-9A553A86B36D}.Debug|x64.Build.0 = Debug|Any CPU
		{98DB7529-B7AB-4778-847B-9A553A86B36D}.Debug|x86.ActiveCfg = Debug|Any CPU
		{98DB7529-B7AB-4778-847B-9A553A86B36D}.Debug|x86.Build.0 = Debug|Any CPU
		{98DB7529-B7AB-4778-847B-9A553A86B36D}.Release|Any CPU.ActiveCfg = Release|Any CPU
		{98DB7529-B7AB-4778-847B-9A553A86B36D}.Release|Any CPU.Build.0 = Release|Any CPU
		{98DB7529-B7AB-4778-847B-9A553A86B36D}.Release|x64.ActiveCfg = Release|Any CPU
		{98DB7529-B7AB-4778-847B-9A553A86B36D}.Release|x64.Build.0 = Release|Any CPU
		{98DB7529-B7AB-4778-847B-9A553A86B36D}.Release|x86.ActiveCfg = Release|Any CPU
		{98DB7529-B7AB-4778-847B-9A553A86B36D}.Release|x86.Build.0 = Release|Any CPU
		{7D10011C-4A77-4447-99C4-F1D54A3D4BD8}.Debug|Any CPU.ActiveCfg = Debug|Any CPU
		{7D10011C-4A77-4447-99C4-F1D54A3D4BD8}.Debug|Any CPU.Build.0 = Debug|Any CPU
		{7D10011C-4A77-4447-99C4-F1D54A3D4BD8}.Debug|x64.ActiveCfg = Debug|Any CPU
		{7D10011C-4A77-4447-99C4-F1D54A3D4BD8}.Debug|x64.Build.0 = Debug|Any CPU
		{7D10011C-4A77-4447-99C4-F1D54A3D4BD8}.Debug|x86.ActiveCfg = Debug|Any CPU
		{7D10011C-4A77-4447-99C4-F1D54A3D4BD8}.Debug|x86.Build.0 = Debug|Any CPU
		{7D10011C-4A77-4447-99C4-F1D54A3D4BD8}.Release|Any CPU.ActiveCfg = Release|Any CPU
		{7D10011C-4A77-4447-99C4-F1D54A3D4BD8}.Release|Any CPU.Build.0 = Release|Any CPU
		{7D10011C-4A77-4447-99C4-F1D54A3D4BD8}.Release|x64.ActiveCfg = Release|Any CPU
		{7D10011C-4A77-4447-99C4-F1D54A3D4BD8}.Release|x64.Build.0 = Release|Any CPU
		{7D10011C-4A77-4447-99C4-F1D54A3D4BD8}.Release|x86.ActiveCfg = Release|Any CPU
		{7D10011C-4A77-4447-99C4-F1D54A3D4BD8}.Release|x86.Build.0 = Release|Any CPU
		{83FFFCC5-A26E-4298-B733-F69F1E750AA2}.Debug|Any CPU.ActiveCfg = Debug|Any CPU
		{83FFFCC5-A26E-4298-B733-F69F1E750AA2}.Debug|Any CPU.Build.0 = Debug|Any CPU
		{83FFFCC5-A26E-4298-B733-F69F1E750AA2}.Debug|x64.ActiveCfg = Debug|Any CPU
		{83FFFCC5-A26E-4298-B733-F69F1E750AA2}.Debug|x64.Build.0 = Debug|Any CPU
		{83FFFCC5-A26E-4298-B733-F69F1E750AA2}.Debug|x86.ActiveCfg = Debug|Any CPU
		{83FFFCC5-A26E-4298-B733-F69F1E750AA2}.Debug|x86.Build.0 = Debug|Any CPU
		{83FFFCC5-A26E-4298-B733-F69F1E750AA2}.Release|Any CPU.ActiveCfg = Release|Any CPU
		{83FFFCC5-A26E-4298-B733-F69F1E750AA2}.Release|Any CPU.Build.0 = Release|Any CPU
		{83FFFCC5-A26E-4298-B733-F69F1E750AA2}.Release|x64.ActiveCfg = Release|Any CPU
		{83FFFCC5-A26E-4298-B733-F69F1E750AA2}.Release|x64.Build.0 = Release|Any CPU
		{83FFFCC5-A26E-4298-B733-F69F1E750AA2}.Release|x86.ActiveCfg = Release|Any CPU
		{83FFFCC5-A26E-4298-B733-F69F1E750AA2}.Release|x86.Build.0 = Release|Any CPU
		{FFC12E1D-D5E7-474A-AF76-F6196C9E6501}.Debug|Any CPU.ActiveCfg = Debug|Any CPU
		{FFC12E1D-D5E7-474A-AF76-F6196C9E6501}.Debug|Any CPU.Build.0 = Debug|Any CPU
		{FFC12E1D-D5E7-474A-AF76-F6196C9E6501}.Debug|x64.ActiveCfg = Debug|Any CPU
		{FFC12E1D-D5E7-474A-AF76-F6196C9E6501}.Debug|x64.Build.0 = Debug|Any CPU
		{FFC12E1D-D5E7-474A-AF76-F6196C9E6501}.Debug|x86.ActiveCfg = Debug|Any CPU
		{FFC12E1D-D5E7-474A-AF76-F6196C9E6501}.Debug|x86.Build.0 = Debug|Any CPU
		{FFC12E1D-D5E7-474A-AF76-F6196C9E6501}.Release|Any CPU.ActiveCfg = Release|Any CPU
		{FFC12E1D-D5E7-474A-AF76-F6196C9E6501}.Release|Any CPU.Build.0 = Release|Any CPU
		{FFC12E1D-D5E7-474A-AF76-F6196C9E6501}.Release|x64.ActiveCfg = Release|Any CPU
		{FFC12E1D-D5E7-474A-AF76-F6196C9E6501}.Release|x64.Build.0 = Release|Any CPU
		{FFC12E1D-D5E7-474A-AF76-F6196C9E6501}.Release|x86.ActiveCfg = Release|Any CPU
		{FFC12E1D-D5E7-474A-AF76-F6196C9E6501}.Release|x86.Build.0 = Release|Any CPU
		{AD26AF4B-8770-4330-917E-ED46818F165E}.Debug|Any CPU.ActiveCfg = Debug|Any CPU
		{AD26AF4B-8770-4330-917E-ED46818F165E}.Debug|Any CPU.Build.0 = Debug|Any CPU
		{AD26AF4B-8770-4330-917E-ED46818F165E}.Debug|x64.ActiveCfg = Debug|Any CPU
		{AD26AF4B-8770-4330-917E-ED46818F165E}.Debug|x64.Build.0 = Debug|Any CPU
		{AD26AF4B-8770-4330-917E-ED46818F165E}.Debug|x86.ActiveCfg = Debug|Any CPU
		{AD26AF4B-8770-4330-917E-ED46818F165E}.Debug|x86.Build.0 = Debug|Any CPU
		{AD26AF4B-8770-4330-917E-ED46818F165E}.Release|Any CPU.ActiveCfg = Release|Any CPU
		{AD26AF4B-8770-4330-917E-ED46818F165E}.Release|Any CPU.Build.0 = Release|Any CPU
		{AD26AF4B-8770-4330-917E-ED46818F165E}.Release|x64.ActiveCfg = Release|Any CPU
		{AD26AF4B-8770-4330-917E-ED46818F165E}.Release|x64.Build.0 = Release|Any CPU
		{AD26AF4B-8770-4330-917E-ED46818F165E}.Release|x86.ActiveCfg = Release|Any CPU
		{AD26AF4B-8770-4330-917E-ED46818F165E}.Release|x86.Build.0 = Release|Any CPU
		{76DC603D-078D-42AB-9BFB-E7F4335A5A67}.Debug|Any CPU.ActiveCfg = Debug|Any CPU
		{76DC603D-078D-42AB-9BFB-E7F4335A5A67}.Debug|Any CPU.Build.0 = Debug|Any CPU
		{76DC603D-078D-42AB-9BFB-E7F4335A5A67}.Debug|x64.ActiveCfg = Debug|Any CPU
		{76DC603D-078D-42AB-9BFB-E7F4335A5A67}.Debug|x64.Build.0 = Debug|Any CPU
		{76DC603D-078D-42AB-9BFB-E7F4335A5A67}.Debug|x86.ActiveCfg = Debug|Any CPU
		{76DC603D-078D-42AB-9BFB-E7F4335A5A67}.Debug|x86.Build.0 = Debug|Any CPU
		{76DC603D-078D-42AB-9BFB-E7F4335A5A67}.Release|Any CPU.ActiveCfg = Release|Any CPU
		{76DC603D-078D-42AB-9BFB-E7F4335A5A67}.Release|Any CPU.Build.0 = Release|Any CPU
		{76DC603D-078D-42AB-9BFB-E7F4335A5A67}.Release|x64.ActiveCfg = Release|Any CPU
		{76DC603D-078D-42AB-9BFB-E7F4335A5A67}.Release|x64.Build.0 = Release|Any CPU
		{76DC603D-078D-42AB-9BFB-E7F4335A5A67}.Release|x86.ActiveCfg = Release|Any CPU
		{76DC603D-078D-42AB-9BFB-E7F4335A5A67}.Release|x86.Build.0 = Release|Any CPU
		{0B9483D2-2036-4C2A-AF01-543C4F745184}.Debug|Any CPU.ActiveCfg = Debug|Any CPU
		{0B9483D2-2036-4C2A-AF01-543C4F745184}.Debug|Any CPU.Build.0 = Debug|Any CPU
		{0B9483D2-2036-4C2A-AF01-543C4F745184}.Debug|x64.ActiveCfg = Debug|Any CPU
		{0B9483D2-2036-4C2A-AF01-543C4F745184}.Debug|x64.Build.0 = Debug|Any CPU
		{0B9483D2-2036-4C2A-AF01-543C4F745184}.Debug|x86.ActiveCfg = Debug|Any CPU
		{0B9483D2-2036-4C2A-AF01-543C4F745184}.Debug|x86.Build.0 = Debug|Any CPU
		{0B9483D2-2036-4C2A-AF01-543C4F745184}.Release|Any CPU.ActiveCfg = Release|Any CPU
		{0B9483D2-2036-4C2A-AF01-543C4F745184}.Release|Any CPU.Build.0 = Release|Any CPU
		{0B9483D2-2036-4C2A-AF01-543C4F745184}.Release|x64.ActiveCfg = Release|Any CPU
		{0B9483D2-2036-4C2A-AF01-543C4F745184}.Release|x64.Build.0 = Release|Any CPU
		{0B9483D2-2036-4C2A-AF01-543C4F745184}.Release|x86.ActiveCfg = Release|Any CPU
		{0B9483D2-2036-4C2A-AF01-543C4F745184}.Release|x86.Build.0 = Release|Any CPU
		{61C4FA32-5392-499B-A5F2-201FA3B97614}.Debug|Any CPU.ActiveCfg = Debug|Any CPU
		{61C4FA32-5392-499B-A5F2-201FA3B97614}.Debug|Any CPU.Build.0 = Debug|Any CPU
		{61C4FA32-5392-499B-A5F2-201FA3B97614}.Debug|x64.ActiveCfg = Debug|Any CPU
		{61C4FA32-5392-499B-A5F2-201FA3B97614}.Debug|x64.Build.0 = Debug|Any CPU
		{61C4FA32-5392-499B-A5F2-201FA3B97614}.Debug|x86.ActiveCfg = Debug|Any CPU
		{61C4FA32-5392-499B-A5F2-201FA3B97614}.Debug|x86.Build.0 = Debug|Any CPU
		{61C4FA32-5392-499B-A5F2-201FA3B97614}.Release|Any CPU.ActiveCfg = Release|Any CPU
		{61C4FA32-5392-499B-A5F2-201FA3B97614}.Release|Any CPU.Build.0 = Release|Any CPU
		{61C4FA32-5392-499B-A5F2-201FA3B97614}.Release|x64.ActiveCfg = Release|Any CPU
		{61C4FA32-5392-499B-A5F2-201FA3B97614}.Release|x64.Build.0 = Release|Any CPU
		{61C4FA32-5392-499B-A5F2-201FA3B97614}.Release|x86.ActiveCfg = Release|Any CPU
		{61C4FA32-5392-499B-A5F2-201FA3B97614}.Release|x86.Build.0 = Release|Any CPU
		{5ED04B78-F91A-48E5-80FA-020FE47AEE80}.Debug|Any CPU.ActiveCfg = Debug|Any CPU
		{5ED04B78-F91A-48E5-80FA-020FE47AEE80}.Debug|Any CPU.Build.0 = Debug|Any CPU
		{5ED04B78-F91A-48E5-80FA-020FE47AEE80}.Debug|x64.ActiveCfg = Debug|Any CPU
		{5ED04B78-F91A-48E5-80FA-020FE47AEE80}.Debug|x64.Build.0 = Debug|Any CPU
		{5ED04B78-F91A-48E5-80FA-020FE47AEE80}.Debug|x86.ActiveCfg = Debug|Any CPU
		{5ED04B78-F91A-48E5-80FA-020FE47AEE80}.Debug|x86.Build.0 = Debug|Any CPU
		{5ED04B78-F91A-48E5-80FA-020FE47AEE80}.Release|Any CPU.ActiveCfg = Release|Any CPU
		{5ED04B78-F91A-48E5-80FA-020FE47AEE80}.Release|Any CPU.Build.0 = Release|Any CPU
		{5ED04B78-F91A-48E5-80FA-020FE47AEE80}.Release|x64.ActiveCfg = Release|Any CPU
		{5ED04B78-F91A-48E5-80FA-020FE47AEE80}.Release|x64.Build.0 = Release|Any CPU
		{5ED04B78-F91A-48E5-80FA-020FE47AEE80}.Release|x86.ActiveCfg = Release|Any CPU
		{5ED04B78-F91A-48E5-80FA-020FE47AEE80}.Release|x86.Build.0 = Release|Any CPU
		{2FE2DB19-DE2F-49AE-A5B6-481602586D23}.Debug|Any CPU.ActiveCfg = Debug|Any CPU
		{2FE2DB19-DE2F-49AE-A5B6-481602586D23}.Debug|Any CPU.Build.0 = Debug|Any CPU
		{2FE2DB19-DE2F-49AE-A5B6-481602586D23}.Debug|x64.ActiveCfg = Debug|Any CPU
		{2FE2DB19-DE2F-49AE-A5B6-481602586D23}.Debug|x64.Build.0 = Debug|Any CPU
		{2FE2DB19-DE2F-49AE-A5B6-481602586D23}.Debug|x86.ActiveCfg = Debug|Any CPU
		{2FE2DB19-DE2F-49AE-A5B6-481602586D23}.Debug|x86.Build.0 = Debug|Any CPU
		{2FE2DB19-DE2F-49AE-A5B6-481602586D23}.Release|Any CPU.ActiveCfg = Release|Any CPU
		{2FE2DB19-DE2F-49AE-A5B6-481602586D23}.Release|Any CPU.Build.0 = Release|Any CPU
		{2FE2DB19-DE2F-49AE-A5B6-481602586D23}.Release|x64.ActiveCfg = Release|Any CPU
		{2FE2DB19-DE2F-49AE-A5B6-481602586D23}.Release|x64.Build.0 = Release|Any CPU
		{2FE2DB19-DE2F-49AE-A5B6-481602586D23}.Release|x86.ActiveCfg = Release|Any CPU
		{2FE2DB19-DE2F-49AE-A5B6-481602586D23}.Release|x86.Build.0 = Release|Any CPU
	EndGlobalSection
EndGlobal
